
Microsoft Visual Studio Solution File, Format Version 12.00
# Visual Studio 15
VisualStudioVersion = 15.0.26124.0
MinimumVisualStudioVersion = 15.0.26124.0
Project("{FAE04EC0-301F-11D3-BF4B-00C04F79EFBC}") = "Nerva.Bots", "Nerva.Bots\Nerva.Bots.csproj", "{9F84650E-7F88-4AC2-B084-FA19B9D988A4}"
EndProject
Project("{FAE04EC0-301F-11D3-BF4B-00C04F79EFBC}") = "Atom", "Bots\Atom\Atom.csproj", "{9F84650E-7F88-4AC2-B084-FA19B9D988A5}"
EndProject
Project("{FAE04EC0-301F-11D3-BF4B-00C04F79EFBC}") = "Fusion", "Bots\Fusion\Fusion.csproj", "{9F84650E-7F88-4AC2-B084-FA19B9D988A6}"
EndProject
Project("{FAE04EC0-301F-11D3-BF4B-00C04F79EFBC}") = "Magellan", "Bots\Magellan\Magellan.csproj", "{9F84650E-7F88-4AC2-B084-FA19B9D988A7}"
EndProject
Project("{FAE04EC0-301F-11D3-BF4B-00C04F79EFBC}") = "StringEncrypter", "Tools\StringEncrypter\StringEncrypter.csproj", "{9F84650E-7F88-4AC2-B084-FA19B9D988A8}"
EndProject
Project("{FAE04EC0-301F-11D3-BF4B-00C04F79EFBC}") = "PaymentIdEncrypter", "Tools\PaymentIdEncrypter\PaymentIdEncrypter.csproj", "{9F84650E-7F88-4AC2-B084-FA19B9D988A9}"
EndProject
Project("{FAE04EC0-301F-11D3-BF4B-00C04F79EFBC}") = "MagellanServer", "Servers\Magellan\Magellan.csproj", "{9F84650E-7F88-4AC2-B084-FA29B9D989A9}"
EndProject
Global
	GlobalSection(SolutionConfigurationPlatforms) = preSolution
		Debug|Any CPU = Debug|Any CPU
		PortableDebug|Any CPU = PortableDebug|Any CPU
		Release|Any CPU = Release|Any CPU
	EndGlobalSection
	GlobalSection(SolutionProperties) = preSolution
		HideSolutionNode = FALSE
	EndGlobalSection
	GlobalSection(ProjectConfigurationPlatforms) = postSolution
		{9F84650E-7F88-4AC2-B084-FA19B9D988A4}.Debug|Any CPU.ActiveCfg = Debug|Any CPU
		{9F84650E-7F88-4AC2-B084-FA19B9D988A4}.Debug|Any CPU.Build.0 = Debug|Any CPU
		{9F84650E-7F88-4AC2-B084-FA19B9D988A4}.PortableDebug|Any CPU.ActiveCfg = PortableDebug|Any CPU
		{9F84650E-7F88-4AC2-B084-FA19B9D988A4}.PortableDebug|Any CPU.Build.0 = PortableDebug|Any CPU
		{9F84650E-7F88-4AC2-B084-FA19B9D988A4}.Release|Any CPU.ActiveCfg = Release|Any CPU
		{9F84650E-7F88-4AC2-B084-FA19B9D988A4}.Release|Any CPU.Build.0 = Release|Any CPU

		{9F84650E-7F88-4AC2-B084-FA19B9D988A5}.Debug|Any CPU.ActiveCfg = Debug|Any CPU
		{9F84650E-7F88-4AC2-B084-FA19B9D988A5}.Debug|Any CPU.Build.0 = Debug|Any CPU
		{9F84650E-7F88-4AC2-B084-FA19B9D988A5}.PortableDebug|Any CPU.ActiveCfg = PortableDebug|Any CPU
		{9F84650E-7F88-4AC2-B084-FA19B9D988A5}.PortableDebug|Any CPU.Build.0 = PortableDebug|Any CPU
		{9F84650E-7F88-4AC2-B084-FA19B9D988A5}.Release|Any CPU.ActiveCfg = Release|Any CPU
		{9F84650E-7F88-4AC2-B084-FA19B9D988A5}.Release|Any CPU.Build.0 = Release|Any CPU

		{9F84650E-7F88-4AC2-B084-FA19B9D988A6}.Debug|Any CPU.ActiveCfg = Debug|Any CPU
		{9F84650E-7F88-4AC2-B084-FA19B9D988A6}.Debug|Any CPU.Build.0 = Debug|Any CPU
		{9F84650E-7F88-4AC2-B084-FA19B9D988A6}.PortableDebug|Any CPU.ActiveCfg = PortableDebug|Any CPU
		{9F84650E-7F88-4AC2-B084-FA19B9D988A6}.PortableDebug|Any CPU.Build.0 = PortableDebug|Any CPU
		{9F84650E-7F88-4AC2-B084-FA19B9D988A6}.Release|Any CPU.ActiveCfg = Release|Any CPU
		{9F84650E-7F88-4AC2-B084-FA19B9D988A6}.Release|Any CPU.Build.0 = Release|Any CPU

		{9F84650E-7F88-4AC2-B084-FA19B9D988A7}.Debug|Any CPU.ActiveCfg = Debug|Any CPU
		{9F84650E-7F88-4AC2-B084-FA19B9D988A7}.Debug|Any CPU.Build.0 = Debug|Any CPU
		{9F84650E-7F88-4AC2-B084-FA19B9D988A7}.PortableDebug|Any CPU.ActiveCfg = PortableDebug|Any CPU
		{9F84650E-7F88-4AC2-B084-FA19B9D988A7}.PortableDebug|Any CPU.Build.0 = PortableDebug|Any CPU
		{9F84650E-7F88-4AC2-B084-FA19B9D988A7}.Release|Any CPU.ActiveCfg = Release|Any CPU
		{9F84650E-7F88-4AC2-B084-FA19B9D988A7}.Release|Any CPU.Build.0 = Release|Any CPU

		{9F84650E-7F88-4AC2-B084-FA19B9D988A8}.Debug|Any CPU.ActiveCfg = Debug|Any CPU
		{9F84650E-7F88-4AC2-B084-FA19B9D988A8}.Debug|Any CPU.Build.0 = Debug|Any CPU
		{9F84650E-7F88-4AC2-B084-FA19B9D988A8}.PortableDebug|Any CPU.ActiveCfg = PortableDebug|Any CPU
		{9F84650E-7F88-4AC2-B084-FA19B9D988A8}.PortableDebug|Any CPU.Build.0 = PortableDebug|Any CPU
		{9F84650E-7F88-4AC2-B084-FA19B9D988A8}.Release|Any CPU.ActiveCfg = Release|Any CPU
		{9F84650E-7F88-4AC2-B084-FA19B9D988A8}.Release|Any CPU.Build.0 = Release|Any CPU

		{9F84650E-7F88-4AC2-B084-FA19B9D988A9}.Debug|Any CPU.ActiveCfg = Debug|Any CPU
		{9F84650E-7F88-4AC2-B084-FA19B9D988A9}.Debug|Any CPU.Build.0 = Debug|Any CPU
		{9F84650E-7F88-4AC2-B084-FA19B9D988A9}.PortableDebug|Any CPU.ActiveCfg = PortableDebug|Any CPU
		{9F84650E-7F88-4AC2-B084-FA19B9D988A9}.PortableDebug|Any CPU.Build.0 = PortableDebug|Any CPU
		{9F84650E-7F88-4AC2-B084-FA19B9D988A9}.Release|Any CPU.ActiveCfg = Release|Any CPU
		{9F84650E-7F88-4AC2-B084-FA19B9D988A9}.Release|Any CPU.Build.0 = Release|Any CPU

		{9F84650E-7F88-4AC2-B084-FA29B9D989A9}.Debug|Any CPU.ActiveCfg = Debug|Any CPU
		{9F84650E-7F88-4AC2-B084-FA29B9D989A9}.Debug|Any CPU.Build.0 = Debug|Any CPU
		{9F84650E-7F88-4AC2-B084-FA29B9D989A9}.PortableDebug|Any CPU.ActiveCfg = PortableDebug|Any CPU
		{9F84650E-7F88-4AC2-B084-FA29B9D989A9}.PortableDebug|Any CPU.Build.0 = PortableDebug|Any CPU
		{9F84650E-7F88-4AC2-B084-FA29B9D989A9}.Release|Any CPU.ActiveCfg = Release|Any CPU
		{9F84650E-7F88-4AC2-B084-FA29B9D989A9}.Release|Any CPU.Build.0 = Release|Any CPU
	EndGlobalSection
EndGlobal
